("quicklisp" .
 (:class qlot/source/dist:source-dist
  :initargs (:distribution "http://beta.quicklisp.org/dist/quicklisp.txt" :%version :latest)
  :version "2020-12-20"))
("ps-experiment" .
 (:class qlot/source/github:source-github
  :initargs (:repos "eshamster/ps-experiment" :ref nil :branch nil :tag nil)
  :version "github-c877807b8db716c806fdcfec5840df08"))
("watson" .
 (:class qlot/source/github:source-github
  :initargs (:repos "eshamster/watson" :ref nil :branch nil :tag nil)
  :version "github-4ed085c398e451d9af28c33e29057717"))
