("quicklisp" .
 (:class qlot/source/dist:source-dist
  :initargs (:distribution "http://beta.quicklisp.org/dist/quicklisp.txt" :%version :latest)
  :version "2021-01-24"))
("ps-experiment" .
 (:class qlot/source/github:source-github
  :initargs (:repos "eshamster/ps-experiment" :ref nil :branch nil :tag nil)
  :version "github-c877807b8db716c806fdcfec5840df08"))
("watson" .
 (:class qlot/source/github:source-github
  :initargs (:repos "eshamster/watson" :ref nil :branch nil :tag nil)
  :version "github-1c503aaf2881a92db79da02030a78917"))
